{
  "version": 4,
  "terraform_version": "1.12.2",
  "serial": 5,
  "lineage": "a28dc8e9-f8ac-2488-2c82-5d39a27833ca",
  "outputs": {},
  "resources": [
    {
      "mode": "managed",
      "type": "helm_release",
      "name": "argocd",
      "provider": "provider[\"registry.terraform.io/hashicorp/helm\"]",
      "instances": [
        {
          "schema_version": 2,
          "attributes": {
            "atomic": false,
            "chart": "argo-cd",
            "cleanup_on_fail": false,
            "create_namespace": true,
            "dependency_update": false,
            "description": null,
            "devel": null,
            "disable_crd_hooks": false,
            "disable_openapi_validation": false,
            "disable_webhooks": false,
            "force_update": false,
            "id": "argocd",
            "keyring": null,
            "lint": false,
            "manifest": null,
            "max_history": 0,
            "metadata": {
              "app_version": "v3.1.1",
              "chart": "argo-cd",
              "first_deployed": 1756923297,
              "last_deployed": 1756923297,
              "name": "argocd",
              "namespace": "argocd",
              "notes": "\nIn order to access the server UI you have the following options:\n\n1. kubectl port-forward service/argocd-server -n argocd 8080:443\n\n    and then open the browser on http://localhost:8080 and accept the certificate\n\n2. enable ingress in the values file `server.ingress.enabled` and either\n      - Add the annotation for ssl passthrough: https://argo-cd.readthedocs.io/en/stable/operator-manual/ingress/#option-1-ssl-passthrough\n      - Set the `configs.params.\"server.insecure\"` in the values file and terminate SSL at your ingress: https://argo-cd.readthedocs.io/en/stable/operator-manual/ingress/#option-2-multiple-ingress-objects-and-hosts\n\n\nAfter reaching the UI the first time you can login with username: admin and the random password generated during the installation. You can find the password by running:\n\nkubectl -n argocd get secret argocd-initial-admin-secret -o jsonpath=\"{.data.password}\" | base64 -d\n\n(You should delete the initial secret afterwards as suggested by the Getting Started Guide: https://argo-cd.readthedocs.io/en/stable/getting_started/#4-login-using-the-cli)\n",
              "revision": 1,
              "values": "{\"server\":{\"service\":{\"type\":\"ClusterIP\"}}}",
              "version": "8.3.3"
            },
            "name": "argocd",
            "namespace": "argocd",
            "pass_credentials": false,
            "postrender": null,
            "recreate_pods": false,
            "render_subchart_notes": true,
            "replace": false,
            "repository": "https://argoproj.github.io/argo-helm",
            "repository_ca_file": null,
            "repository_cert_file": null,
            "repository_key_file": null,
            "repository_password": null,
            "repository_username": null,
            "reset_values": false,
            "reuse_values": false,
            "set": null,
            "set_list": null,
            "set_sensitive": null,
            "set_wo": null,
            "set_wo_revision": null,
            "skip_crds": false,
            "status": "deployed",
            "timeout": 300,
            "values": [
              "        server:\n          service:\n            type: ClusterIP\n"
            ],
            "verify": false,
            "version": "8.3.3",
            "wait": true,
            "wait_for_jobs": false
          },
          "sensitive_attributes": [
            [
              {
                "type": "get_attr",
                "value": "repository_password"
              }
            ]
          ],
          "identity_schema_version": 0,
          "identity": {
            "namespace": "argocd",
            "release_name": "argocd"
          }
        }
      ]
    },
    {
      "mode": "managed",
      "type": "minikube_cluster",
      "name": "minikube_docker",
      "provider": "provider[\"registry.terraform.io/scott-the-programmer/minikube\"]",
      "instances": [
        {
          "schema_version": 0,
          "attributes": {
            "addons": [
              "default-storageclass",
              "storage-provisioner"
            ],
            "apiserver_ips": [],
            "apiserver_name": "minikubeCA",
            "apiserver_names": [],
            "apiserver_port": 8443,
            "auto_pause_interval": 1,
            "auto_update_drivers": true,
            "base_image": "gcr.io/k8s-minikube/kicbase:v0.0.46@sha256:fd2d445ddcc33ebc5c6b68a17e6219ea207ce63c005095ea1525296da2d1a279",
            "binary_mirror": null,
            "cache_images": true,
            "cert_expiration": 1576800,
            "client_certificate": "-----BEGIN CERTIFICATE-----\nMIIDITCCAgmgAwIBAgIBAjANBgkqhkiG9w0BAQsFADAVMRMwEQYDVQQDEwptaW5p\na3ViZUNBMB4XDTI1MDkwMTIwMzcwMVoXDTI4MDkwMTIwMzcwMVowMTEXMBUGA1UE\nChMOc3lzdGVtOm1hc3RlcnMxFjAUBgNVBAMTDW1pbmlrdWJlLXVzZXIwggEiMA0G\nCSqGSIb3DQEBAQUAA4IBDwAwggEKAoIBAQDOng5uFXut/SNeNQxRLVbf/Cu29pzf\nTNn8zqQPHDdqEy02vYzzJI78u0ZTxLpRxtfHd7iAdEvm4Zje3uRmmgqtD7QEzHkz\n7K5x/DQB3pTZOAVJrWt8bGof6xdnmWifLtSJskoSTOA3KTeCyPRIzQFD95n3nanm\nAaAEtP6D6uQiENy54tuPyy6wL8RGUsjxcPGA1E7syaa4UAS6EdkdZJsWAXXheYP9\nulTHdWuaqq/xvShjZdnKUaibGJAyIjjShrSBnOTRNijFdDt65Msb/VH6/gxOgLpJ\nr/hOPv1QJfVtk4cXpCFN54GZxqTwUMgcgE6VVIAccVSXEK3X7TjeRWLtAgMBAAGj\nYDBeMA4GA1UdDwEB/wQEAwIFoDAdBgNVHSUEFjAUBggrBgEFBQcDAQYIKwYBBQUH\nAwIwDAYDVR0TAQH/BAIwADAfBgNVHSMEGDAWgBTHZ/7uf15ifToGl5iEqYLXWvWT\ntjANBgkqhkiG9w0BAQsFAAOCAQEAfYYuHeODJ+yGcATatNsY0cDnXFJkiq3ETBht\n6F+dWg0pLP3F/bkd/TGOkyJvKITkpTr1nI71jsQ/rJKFaaMCX8yNJSfhAxMj6WzK\nY4cb/+rScO4rhR+00qIpdgU9svNbJoTOR07g2NnK9te7CLdTj/1rtBnXhOnSXHcP\n/0NQg+D5POJOb+LAQ9EtMMnmeoQcwrBTqtu3f9V2DDzw7iUbijPajJXkzKkP7Ekj\n3IY/cdhrvNmGNtmAlQh/DRMWXwKNpz02k3fr3uOR+uYS1J7Zhhqrkg3X7KrQGfGU\nkXC1CsrUatZanqArUoRbuZ5ImM2YSx0Lz+7YU+/1wgY78uHExg==\n-----END CERTIFICATE-----\n",
            "client_key": "-----BEGIN RSA PRIVATE KEY-----\nMIIEpAIBAAKCAQEAzp4ObhV7rf0jXjUMUS1W3/wrtvac30zZ/M6kDxw3ahMtNr2M\n8ySO/LtGU8S6UcbXx3e4gHRL5uGY3t7kZpoKrQ+0BMx5M+yucfw0Ad6U2TgFSa1r\nfGxqH+sXZ5lony7UibJKEkzgNyk3gsj0SM0BQ/eZ952p5gGgBLT+g+rkIhDcueLb\nj8susC/ERlLI8XDxgNRO7MmmuFAEuhHZHWSbFgF14XmD/bpUx3Vrmqqv8b0oY2XZ\nylGomxiQMiI40oa0gZzk0TYoxXQ7euTLG/1R+v4MToC6Sa/4Tj79UCX1bZOHF6Qh\nTeeBmcak8FDIHIBOlVSAHHFUlxCt1+043kVi7QIDAQABAoIBAAIest5ex+QpsidJ\nNeKPAPKZ4KycfFC54Lexur2xSAFFh+56meZfFDzUGBKLyhnvh28TaPgfxAKZrcrw\nRa7RevVlG+9RAMJaCz0oqF5HisaYHE0co3salVPVV+oMc9DETH0gMEHepONJVTmO\njHEYcgr2O0/EKpuCnezGcEu+s89Z+7gvncdgxUyiBnceLpPqLw4oYmIlf8adOs3h\nDZAy8MxronOTRKqccn8gmSd/fdARHHm2gLPwbWuRAOf9NTtaDbpBf5mbtqhFqiun\nEGyoylS/XwFfrLVrcd5K0YNjedXNPS7OoOWT059XFr9VIDu62lNndh2ujNBjHA5N\nPJUfjSkCgYEA41M083Jqv7g5jc2yvxBZof+xVRxQfmo6SfodyI2t294ppWzaRe6r\nZVyTQnf5GpGwhAorSE36QfoBU6Qpz56zdiXMBZrOgdJHgZW9R/5w1PZNkRqDpIlw\nqEbVWLOYHV9Nlb7IVxFlzE3z7wKyfelIuHAc2K2zTfYVAPInkZxI6NUCgYEA6K4o\namKl8R13NNyyjkSs+aZXyNlOY147QtignVSbLX0ILqqZoUgG/o3nq0WqAm2gHyov\n2FpQGAugDRAhwu7/SAM2nBo1K2m1bNaAqmcamCliHbUcHRt3MzHSuzeSvWUkuywy\nOunWgAcOGc0NRnrCTf86Dr4XFVeQz5u04ejhHbkCgYAtrqDrc0jEck8OkhGjl7OL\nfIi0Y9ZBMTO5fgvSK7aOgpy346IRf57t5aaqKtXiYvin8Cs2goUSER2HI2xLjsbd\nrUbMsYliSVGZVvAMsbMW+NAporxlqkD7cBCbnKuq62X5+7bi2FourlOg6lfYObMl\nbVI+sNlhh1w9LmyJNHDqaQKBgQDSpnkod07MT2TQks2ER2BiU9o9l56ED5ePGRev\n2Bz0vbFerkyP2umaI1aNlHAp6p2AGW1fbcP9QOkRan1mQYET7PTPtlpUh0sc0cWC\nf/1vrGeLhZ+CKo9r5btmixVqKdtrKMQA2hq7pad6bE2MdS7b9ijVl/rF85TCn7DO\npUrI4QKBgQCfg2t8MeNqGPhMk8VNGD+YbOanhWtrr42joYe0e19waAX5BRVIFW8u\n75/lmch/8+u1khiW76vUpTSDBRYrpdTc43mc1c7aSJfrL8oAKgKx/Nm7VJU26G/7\nZxpsr7JVmcbUEDLyAK1vrJnPl+CjWMY/vOSw52AV0E9arydmogFZww==\n-----END RSA PRIVATE KEY-----\n",
            "cluster_ca_certificate": "-----BEGIN CERTIFICATE-----\nMIIDBjCCAe6gAwIBAgIBATANBgkqhkiG9w0BAQsFADAVMRMwEQYDVQQDEwptaW5p\na3ViZUNBMB4XDTI1MDkwMTIwMzcwMFoXDTM1MDgzMTIwMzcwMFowFTETMBEGA1UE\nAxMKbWluaWt1YmVDQTCCASIwDQYJKoZIhvcNAQEBBQADggEPADCCAQoCggEBAMxK\nB7iInF+eAnNaogU43svJGYPtyVDfShrRQKBixTg+5GytgikMvKs/Y0PGTokSYP/p\njH+sFxRh6IYzHgb6TAiV52B3TfuQ1SNXt+UyPFkSWb2ylZ01RWU6+H9gcykTw2PE\nq8JojiR7W4A+KLKEqaf1EB7/kv0isqyGBrEDeNkyQ5hGEEIcOUuOWDTek2eBzwo3\n7uyVnnem4Sdc/hXfupfPPsNbwBTZTGDZ8/oFEPXoLBuRid48m67T3u5z1NZMwpP6\nYRywBE0/+c3BT5EbXnRPP4fkyyxlkVsrxeXRjoGzrWFDG41BPJRA0v4lGJgjyvD9\nx/LZ2nQ3TUXA5mAMQe8CAwEAAaNhMF8wDgYDVR0PAQH/BAQDAgKkMB0GA1UdJQQW\nMBQGCCsGAQUFBwMCBggrBgEFBQcDATAPBgNVHRMBAf8EBTADAQH/MB0GA1UdDgQW\nBBTHZ/7uf15ifToGl5iEqYLXWvWTtjANBgkqhkiG9w0BAQsFAAOCAQEAMSNiqY8P\n50c4YB+szJicPql50t4LgrZLrZrwb3vWQnwyOLeWryf8G8u+MmF6n6zdUBy6MDK9\nTfltT61EQk8d5mgwnTdTJfmPFI4LuFPQIygSkB90FgMTBBywYD9cgYxTnYpX64Pj\nzCbJiNiGTvngm/cuH7E1bUamcmMks4px583c3+UDQPeoGGqGE2lfgSTlll2Kdjp3\nQMJ7Eke2kGHRghTLzqacwsUvw5iWVbMNBFD9M/reZ4jVZeDobAjLv8myg5RfVCPG\nodWskU9BnNxZjSjqojiMYI6snEuvVyIVqoQcgz0JfoHyT+x5I3I8Wb3+MZupvkq9\nFEan8zvNbE68bQ==\n-----END CERTIFICATE-----\n",
            "cluster_name": "devops-project",
            "cni": "",
            "container_runtime": "docker",
            "cpus": "2",
            "cri_socket": "",
            "delete_on_failure": false,
            "disable_driver_mounts": false,
            "disable_metrics": false,
            "disable_optimizations": false,
            "disk_size": "20000mb",
            "dns_domain": "cluster.local",
            "dns_proxy": false,
            "docker_env": null,
            "docker_opt": null,
            "download_only": false,
            "driver": "docker",
            "dry_run": false,
            "embed_certs": false,
            "enable_default_cni": false,
            "extra_config": [],
            "extra_disks": 0,
            "feature_gates": "",
            "force": false,
            "force_systemd": false,
            "gpus": null,
            "ha": false,
            "host": "https://192.168.58.2:8443",
            "host_dns_resolver": true,
            "host_only_cidr": "192.168.59.1/24",
            "host_only_nic_type": "virtio",
            "hyperkit_vpnkit_sock": "",
            "hyperkit_vsock_ports": [],
            "hyperv_external_adapter": "",
            "hyperv_use_external_switch": false,
            "hyperv_virtual_switch": "",
            "id": "devops-project",
            "image_mirror_country": null,
            "image_repository": "",
            "insecure_registry": [],
            "install_addons": true,
            "interactive": true,
            "iso_url": [
              "https://github.com/kubernetes/minikube/releases/download/v1.35.0/minikube-v1.35.0-amd64.iso"
            ],
            "keep_context": false,
            "kubernetes_version": "v1.27.4",
            "kvm_gpu": false,
            "kvm_hidden": false,
            "kvm_network": "default",
            "kvm_numa_count": 1,
            "kvm_qemu_uri": "qemu:///system",
            "listen_address": "",
            "memory": "4096mb",
            "mount": false,
            "mount_9p_version": "9p2000.L",
            "mount_gid": "docker",
            "mount_ip": null,
            "mount_msize": 262144,
            "mount_options": null,
            "mount_port": 0,
            "mount_string": "/home:/minikube-host",
            "mount_type": "9p",
            "mount_uid": "docker",
            "namespace": "default",
            "nat_nic_type": "virtio",
            "native_ssh": true,
            "network": "",
            "network_plugin": null,
            "nfs_share": [],
            "nfs_shares_root": "/nfsshares",
            "no_kubernetes": false,
            "no_vtx_check": false,
            "nodes": 1,
            "output": "text",
            "ports": [],
            "preload": true,
            "qemu_firmware_path": null,
            "registry_mirror": [],
            "service_cluster_ip_range": "10.96.0.0/12",
            "socket_vmnet_client_path": "/usr/local/opt/socket_vmnet/bin/socket_vmnet_client",
            "socket_vmnet_path": "/usr/local/var/run/socket_vmnet",
            "ssh_ip_address": "",
            "ssh_key": "",
            "ssh_port": 22,
            "ssh_user": "root",
            "static_ip": null,
            "subnet": null,
            "trace": null,
            "uuid": "",
            "vm": false,
            "vm_driver": null,
            "wait": null,
            "wait_timeout": 6
          },
          "sensitive_attributes": [
            [
              {
                "type": "get_attr",
                "value": "client_certificate"
              }
            ],
            [
              {
                "type": "get_attr",
                "value": "client_key"
              }
            ],
            [
              {
                "type": "get_attr",
                "value": "cluster_ca_certificate"
              }
            ]
          ],
          "identity_schema_version": 0,
          "private": "bnVsbA=="
        }
      ]
    }
  ],
  "check_results": null
}
