{
  "version": 4,
  "terraform_version": "1.12.2",
  "serial": 17,
  "lineage": "a28dc8e9-f8ac-2488-2c82-5d39a27833ca",
  "outputs": {},
  "resources": [
    {
      "mode": "managed",
      "type": "helm_release",
      "name": "argocd",
      "provider": "provider[\"registry.terraform.io/hashicorp/helm\"]",
      "instances": [
        {
          "schema_version": 2,
          "attributes": {
            "atomic": false,
            "chart": "argo-cd",
            "cleanup_on_fail": false,
            "create_namespace": true,
            "dependency_update": false,
            "description": null,
            "devel": null,
            "disable_crd_hooks": false,
            "disable_openapi_validation": false,
            "disable_webhooks": false,
            "force_update": false,
            "id": "argocd",
            "keyring": null,
            "lint": false,
            "manifest": null,
            "max_history": 0,
            "metadata": {
              "app_version": "v3.1.4",
              "chart": "argo-cd",
              "first_deployed": 1757498968,
              "last_deployed": 1757498968,
              "name": "argocd",
              "namespace": "argocd",
              "notes": "\nIn order to access the server UI you have the following options:\n\n1. kubectl port-forward service/argocd-server -n argocd 8080:443\n\n    and then open the browser on http://localhost:8080 and accept the certificate\n\n2. enable ingress in the values file `server.ingress.enabled` and either\n      - Add the annotation for ssl passthrough: https://argo-cd.readthedocs.io/en/stable/operator-manual/ingress/#option-1-ssl-passthrough\n      - Set the `configs.params.\"server.insecure\"` in the values file and terminate SSL at your ingress: https://argo-cd.readthedocs.io/en/stable/operator-manual/ingress/#option-2-multiple-ingress-objects-and-hosts\n\n\nAfter reaching the UI the first time you can login with username: admin and the random password generated during the installation. You can find the password by running:\n\nkubectl -n argocd get secret argocd-initial-admin-secret -o jsonpath=\"{.data.password}\" | base64 -d\n\n(You should delete the initial secret afterwards as suggested by the Getting Started Guide: https://argo-cd.readthedocs.io/en/stable/getting_started/#4-login-using-the-cli)\n",
              "revision": 1,
              "values": "{\"server\":{\"service\":{\"type\":\"ClusterIP\"}}}",
              "version": "8.3.5"
            },
            "name": "argocd",
            "namespace": "argocd",
            "pass_credentials": false,
            "postrender": null,
            "recreate_pods": false,
            "render_subchart_notes": true,
            "replace": false,
            "repository": "https://argoproj.github.io/argo-helm",
            "repository_ca_file": null,
            "repository_cert_file": null,
            "repository_key_file": null,
            "repository_password": null,
            "repository_username": null,
            "reset_values": false,
            "reuse_values": false,
            "set": null,
            "set_list": null,
            "set_sensitive": null,
            "set_wo": null,
            "set_wo_revision": null,
            "skip_crds": false,
            "status": "deployed",
            "timeout": 300,
            "values": [
              "        server:\n          service:\n            type: ClusterIP\n"
            ],
            "verify": false,
            "version": "8.3.5",
            "wait": true,
            "wait_for_jobs": false
          },
          "sensitive_attributes": [
            [
              {
                "type": "get_attr",
                "value": "repository_password"
              }
            ]
          ],
          "identity_schema_version": 0,
          "identity": {
            "namespace": "argocd",
            "release_name": "argocd"
          }
        }
      ]
    },
    {
      "mode": "managed",
      "type": "minikube_cluster",
      "name": "minikube_docker",
      "provider": "provider[\"registry.terraform.io/scott-the-programmer/minikube\"]",
      "instances": [
        {
          "schema_version": 0,
          "attributes": {
            "addons": [
              "default-storageclass",
              "storage-provisioner"
            ],
            "apiserver_ips": [],
            "apiserver_name": "minikubeCA",
            "apiserver_names": [],
            "apiserver_port": 8443,
            "auto_pause_interval": 1,
            "auto_update_drivers": true,
            "base_image": "gcr.io/k8s-minikube/kicbase:v0.0.46@sha256:fd2d445ddcc33ebc5c6b68a17e6219ea207ce63c005095ea1525296da2d1a279",
            "binary_mirror": null,
            "cache_images": true,
            "cert_expiration": 1576800,
            "client_certificate": "-----BEGIN CERTIFICATE-----\nMIIDITCCAgmgAwIBAgIBAjANBgkqhkiG9w0BAQsFADAVMRMwEQYDVQQDEwptaW5p\na3ViZUNBMB4XDTI1MDkwOTEwMDY0MloXDTI4MDkwOTEwMDY0MlowMTEXMBUGA1UE\nChMOc3lzdGVtOm1hc3RlcnMxFjAUBgNVBAMTDW1pbmlrdWJlLXVzZXIwggEiMA0G\nCSqGSIb3DQEBAQUAA4IBDwAwggEKAoIBAQCtOhbt6G746Wl0+6aXNfsLeCyb6041\nlTWqyTBHE5B7GO7/Wnm79rr0nTEB9pau97UR6Um163xHefuvEs2oY3Pjc05DaqVQ\niPzTID7jcgvv3S+BOWcmlB5eM1wPy8KgwOUhsyjp8SjK4sB0agTNNmE9oAkLP5D6\n+Y8en1vZ8PkmnLJD0c17+yMk3KA1Rw/V9IfDeNSEr1gnjQFy8EwLwL8nx6n96Hue\ndPW7K/QYJhzzZaxSfe/jdkV5ISos6vhMXArSlbZ31v6mqXdus3yZGI/Huc+XI69p\nSMiKeomWT6CwABF3SZEHicPxEhLLxKbAjOgU5vmfvOxU0lnKVm8WN19PAgMBAAGj\nYDBeMA4GA1UdDwEB/wQEAwIFoDAdBgNVHSUEFjAUBggrBgEFBQcDAQYIKwYBBQUH\nAwIwDAYDVR0TAQH/BAIwADAfBgNVHSMEGDAWgBTHZ/7uf15ifToGl5iEqYLXWvWT\ntjANBgkqhkiG9w0BAQsFAAOCAQEATarXbNs5vQzWPR+qbzIlI+XQ+NKFBnfM4Inx\nXlgPycZJPWoeBdNEyrEcDLpNM+MlAli3MVLKmzzCJn9+9032MedpBSHTAEfvYpmF\nCGaB1Izwlo4h7hcLtH46Q3LAcISfKQmXwzuz7m1URrDX/ztWYaO907r9+b0mTdV+\nQAD0TOtgP2hDbpm1mH5MotTiI1CYXmX2gwEbx0CK+SdYQFzYD6Hi72DRwHfe8/CR\nxerurG01ZhuadhQOtwbyi4sZGQUg7luaZCew+DxxZZWYdA/LV6ptnfPELkDDgRMQ\nRoQBA7PmB/ohT47THLzOdyViv2//v7QKTje/UoC6DQ23QbfpVg==\n-----END CERTIFICATE-----\n",
            "client_key": "-----BEGIN RSA PRIVATE KEY-----\nMIIEowIBAAKCAQEArToW7ehu+OlpdPumlzX7C3gsm+tONZU1qskwRxOQexju/1p5\nu/a69J0xAfaWrve1EelJtet8R3n7rxLNqGNz43NOQ2qlUIj80yA+43IL790vgTln\nJpQeXjNcD8vCoMDlIbMo6fEoyuLAdGoEzTZhPaAJCz+Q+vmPHp9b2fD5JpyyQ9HN\ne/sjJNygNUcP1fSHw3jUhK9YJ40BcvBMC8C/J8ep/eh7nnT1uyv0GCYc82WsUn3v\n43ZFeSEqLOr4TFwK0pW2d9b+pql3brN8mRiPx7nPlyOvaUjIinqJlk+gsAARd0mR\nB4nD8RISy8SmwIzoFOb5n7zsVNJZylZvFjdfTwIDAQABAoIBAEd61+lV5yzZDAYU\nrXpp8OybqzSvlTcxGdMeb8h0f0L8V+qQx/jS5/R2RLm9qhIK7vG0JRFnWYIZCM0G\nYkygtTpe4yWYhRzFWiY4gRrTfa99wtN8/16A8kMGyG9QMkCpOCN+zVwzghSuGqIu\n+UpArUGDnxfAJDAb+H23XmyBLh5LDqpv9w6g/QeBhsV3/6EO9rOA6t0PkHZdRYzK\noyb6WIcMDJI0MrrG+Crn3jRuboPAF0FCq7hRa9/uGgkQ7h345dw4moBrJUH924Hr\nzf0+5GDpGwHYAzXpI+D/XmZX4MSWi6STb9q3TiMvrOrZ5vG+IDMXc2OAW3m0Zg31\nKM4fmqECgYEAymu2Tr9xCdoO+qWwXyhEhMUu5pMomZXkQkyE8kMENvNqdvkQv8jS\nTRZcnDHbaHtLlXVjGFJ8dD4c+tCiMBdndqbe79EthSbnBuUFmywMAx2V3OjfsUdB\nZrHy2jic4med0BPGAurF6IzZ3bxmaUfvpgMp2eo5abdFbqMcK59uBd8CgYEA2xQq\ncBYZxg8TEhpNUxfRu7nNjm15tEeYth5XvKLPL4An9r5xeAIJIhR8Gq1wpZYTh29S\n2t7E+ViIZxGV0WPjwjH+yh//C2TdSBcHVFkAE4jLj5ipvyAQ43L2bcHP8jOaIihs\ngBdW3Li6WbV+64rzNq3crijzEAO4+j1Da3djdJECgYEAgEpEASTUP6o0VCcu4SBk\nTMGsN/aMhMq7IEne+KwAv9MGZuDz/JkKsFC74UK4DEAYZ2E+rOuadRHozA3uvQwY\nRtr78IJil0FQqs37/5yrAE5/7MKrA3BlwvCFOkknJVcGbhoaJT8mr3yVmDMPtSoi\neNUIcVRBjv7YwoYeFIe284ECgYAKpZs+YUSVZIwnuBGD9UdjGS+NOXLNuSEJ0MWw\nzDTHeTH4At9e1rJ87oPtg/pSgc2nKljbfDIUcCII6EjgqTsbZ/Sa/B0X/6nlZAEe\nL0kaqe5Cp0ewmy1W8HJbeSzS94EJIe/L9dZp2axsya5GYjVZte9go2rUn2mw96M8\nKMwzkQKBgDNMASxlMkVVgoAJthdQOf40O25jPhu0vh7aQFWbeMdt/A78Boc+qL/h\nrByiGUB6s5TufMOQTKAtT+npD4fah7vbIleVrATtmOoBw2HR8vyBR1mrw9R0M8ur\nU2qqpuxkw3n0ZKsZRcSrxAnyECWuagZUv4Ox6Chv1wzlWAlqaq4d\n-----END RSA PRIVATE KEY-----\n",
            "cluster_ca_certificate": "-----BEGIN CERTIFICATE-----\nMIIDBjCCAe6gAwIBAgIBATANBgkqhkiG9w0BAQsFADAVMRMwEQYDVQQDEwptaW5p\na3ViZUNBMB4XDTI1MDkwMTIwMzcwMFoXDTM1MDgzMTIwMzcwMFowFTETMBEGA1UE\nAxMKbWluaWt1YmVDQTCCASIwDQYJKoZIhvcNAQEBBQADggEPADCCAQoCggEBAMxK\nB7iInF+eAnNaogU43svJGYPtyVDfShrRQKBixTg+5GytgikMvKs/Y0PGTokSYP/p\njH+sFxRh6IYzHgb6TAiV52B3TfuQ1SNXt+UyPFkSWb2ylZ01RWU6+H9gcykTw2PE\nq8JojiR7W4A+KLKEqaf1EB7/kv0isqyGBrEDeNkyQ5hGEEIcOUuOWDTek2eBzwo3\n7uyVnnem4Sdc/hXfupfPPsNbwBTZTGDZ8/oFEPXoLBuRid48m67T3u5z1NZMwpP6\nYRywBE0/+c3BT5EbXnRPP4fkyyxlkVsrxeXRjoGzrWFDG41BPJRA0v4lGJgjyvD9\nx/LZ2nQ3TUXA5mAMQe8CAwEAAaNhMF8wDgYDVR0PAQH/BAQDAgKkMB0GA1UdJQQW\nMBQGCCsGAQUFBwMCBggrBgEFBQcDATAPBgNVHRMBAf8EBTADAQH/MB0GA1UdDgQW\nBBTHZ/7uf15ifToGl5iEqYLXWvWTtjANBgkqhkiG9w0BAQsFAAOCAQEAMSNiqY8P\n50c4YB+szJicPql50t4LgrZLrZrwb3vWQnwyOLeWryf8G8u+MmF6n6zdUBy6MDK9\nTfltT61EQk8d5mgwnTdTJfmPFI4LuFPQIygSkB90FgMTBBywYD9cgYxTnYpX64Pj\nzCbJiNiGTvngm/cuH7E1bUamcmMks4px583c3+UDQPeoGGqGE2lfgSTlll2Kdjp3\nQMJ7Eke2kGHRghTLzqacwsUvw5iWVbMNBFD9M/reZ4jVZeDobAjLv8myg5RfVCPG\nodWskU9BnNxZjSjqojiMYI6snEuvVyIVqoQcgz0JfoHyT+x5I3I8Wb3+MZupvkq9\nFEan8zvNbE68bQ==\n-----END CERTIFICATE-----\n",
            "cluster_name": "devops-project",
            "cni": "",
            "container_runtime": "docker",
            "cpus": "2",
            "cri_socket": "",
            "delete_on_failure": false,
            "disable_driver_mounts": false,
            "disable_metrics": false,
            "disable_optimizations": false,
            "disk_size": "20000mb",
            "dns_domain": "cluster.local",
            "dns_proxy": false,
            "docker_env": null,
            "docker_opt": null,
            "download_only": false,
            "driver": "docker",
            "dry_run": false,
            "embed_certs": false,
            "enable_default_cni": false,
            "extra_config": [],
            "extra_disks": 0,
            "feature_gates": "",
            "force": false,
            "force_systemd": false,
            "gpus": null,
            "ha": false,
            "host": "https://192.168.58.2:8443",
            "host_dns_resolver": true,
            "host_only_cidr": "192.168.59.1/24",
            "host_only_nic_type": "virtio",
            "hyperkit_vpnkit_sock": "",
            "hyperkit_vsock_ports": [],
            "hyperv_external_adapter": "",
            "hyperv_use_external_switch": false,
            "hyperv_virtual_switch": "",
            "id": "devops-project",
            "image_mirror_country": null,
            "image_repository": "",
            "insecure_registry": [],
            "install_addons": true,
            "interactive": true,
            "iso_url": [
              "https://github.com/kubernetes/minikube/releases/download/v1.35.0/minikube-v1.35.0-amd64.iso"
            ],
            "keep_context": false,
            "kubernetes_version": "v1.27.4",
            "kvm_gpu": false,
            "kvm_hidden": false,
            "kvm_network": "default",
            "kvm_numa_count": 1,
            "kvm_qemu_uri": "qemu:///system",
            "listen_address": "",
            "memory": "4096mb",
            "mount": false,
            "mount_9p_version": "9p2000.L",
            "mount_gid": "docker",
            "mount_ip": null,
            "mount_msize": 262144,
            "mount_options": null,
            "mount_port": 0,
            "mount_string": "/home:/minikube-host",
            "mount_type": "9p",
            "mount_uid": "docker",
            "namespace": "default",
            "nat_nic_type": "virtio",
            "native_ssh": true,
            "network": "",
            "network_plugin": null,
            "nfs_share": [],
            "nfs_shares_root": "/nfsshares",
            "no_kubernetes": false,
            "no_vtx_check": false,
            "nodes": 1,
            "output": "text",
            "ports": [],
            "preload": true,
            "qemu_firmware_path": null,
            "registry_mirror": [],
            "service_cluster_ip_range": "10.96.0.0/12",
            "socket_vmnet_client_path": "/usr/local/opt/socket_vmnet/bin/socket_vmnet_client",
            "socket_vmnet_path": "/usr/local/var/run/socket_vmnet",
            "ssh_ip_address": "",
            "ssh_key": "",
            "ssh_port": 22,
            "ssh_user": "root",
            "static_ip": null,
            "subnet": null,
            "trace": null,
            "uuid": "",
            "vm": false,
            "vm_driver": null,
            "wait": null,
            "wait_timeout": 6
          },
          "sensitive_attributes": [
            [
              {
                "type": "get_attr",
                "value": "client_certificate"
              }
            ],
            [
              {
                "type": "get_attr",
                "value": "client_key"
              }
            ],
            [
              {
                "type": "get_attr",
                "value": "cluster_ca_certificate"
              }
            ]
          ],
          "identity_schema_version": 0,
          "private": "bnVsbA=="
        }
      ]
    }
  ],
  "check_results": null
}
